
Microsoft Visual Studio Solution File, Format Version 12.00
# Visual Studio Version 17
VisualStudioVersion = 17.5.002.0
MinimumVisualStudioVersion = 10.0.40219.1
Project("{9A19103F-16F7-4668-BE54-9A1E7A4F7556}") = "Cloud5mins.ShortenerTools.TinyBlazorAdmin", "Cloud5mins.ShortenerTools.TinyBlazorAdmin.csproj", "{7BF063FC-0EB2-4A4A-87DE-5D81372AC390}"
EndProject
Global
	GlobalSection(SolutionConfigurationPlatforms) = preSolution
		Debug|Any CPU = Debug|Any CPU
		Release|Any CPU = Release|Any CPU
	EndGlobalSection
	GlobalSection(ProjectConfigurationPlatforms) = postSolution
		{7BF063FC-0EB2-4A4A-87DE-5D81372AC390}.Debug|Any CPU.ActiveCfg = Debug|Any CPU
		{7BF063FC-0EB2-4A4A-87DE-5D81372AC390}.Debug|Any CPU.Build.0 = Debug|Any CPU
		{7BF063FC-0EB2-4A4A-87DE-5D81372AC390}.Release|Any CPU.ActiveCfg = Release|Any CPU
		{7BF063FC-0EB2-4A4A-87DE-5D81372AC390}.Release|Any CPU.Build.0 = Release|Any CPU
	EndGlobalSection
	GlobalSection(SolutionProperties) = preSolution
		HideSolutionNode = FALSE
	EndGlobalSection
	GlobalSection(ExtensibilityGlobals) = postSolution
		SolutionGuid = {45A68468-783E-44EB-A122-6DD5169AF8BA}
	EndGlobalSection
EndGlobal
