
Microsoft Visual Studio Solution File, Format Version 12.00
# Visual Studio Version 17
VisualStudioVersion = 17.5.002.0
MinimumVisualStudioVersion = 10.0.40219.1
Project("{9A19103F-16F7-4668-BE54-9A1E7A4F7556}") = "Cloud5mins.ShortenerTools.Functions", "Cloud5mins.ShortenerTools.Functions.csproj", "{24117867-C5C2-4BE3-A31D-5A9CB08DB917}"
EndProject
Global
	GlobalSection(SolutionConfigurationPlatforms) = preSolution
		Debug|Any CPU = Debug|Any CPU
		Release|Any CPU = Release|Any CPU
	EndGlobalSection
	GlobalSection(ProjectConfigurationPlatforms) = postSolution
		{24117867-C5C2-4BE3-A31D-5A9CB08DB917}.Debug|Any CPU.ActiveCfg = Debug|Any CPU
		{24117867-C5C2-4BE3-A31D-5A9CB08DB917}.Debug|Any CPU.Build.0 = Debug|Any CPU
		{24117867-C5C2-4BE3-A31D-5A9CB08DB917}.Release|Any CPU.ActiveCfg = Release|Any CPU
		{24117867-C5C2-4BE3-A31D-5A9CB08DB917}.Release|Any CPU.Build.0 = Release|Any CPU
	EndGlobalSection
	GlobalSection(SolutionProperties) = preSolution
		HideSolutionNode = FALSE
	EndGlobalSection
	GlobalSection(ExtensibilityGlobals) = postSolution
		SolutionGuid = {77520AE4-6589-4ED2-BCF5-B15FD42E4855}
	EndGlobalSection
EndGlobal
