
Microsoft Visual Studio Solution File, Format Version 12.00
# Visual Studio Version 16
VisualStudioVersion = 16.0.30128.74
MinimumVisualStudioVersion = 10.0.40219.1
Project("{9A19103F-16F7-4668-BE54-9A1E7A4F7556}") = "TinyBlazorAdmin", "TinyBlazorAdmin\TinyBlazorAdmin.csproj", "{19BA7B57-9A23-493A-BE6C-7B0664FA53D8}"
EndProject
Global
	GlobalSection(SolutionConfigurationPlatforms) = preSolution
		Debug|Any CPU = Debug|Any CPU
		Release|Any CPU = Release|Any CPU
	EndGlobalSection
	GlobalSection(ProjectConfigurationPlatforms) = postSolution
		{19BA7B57-9A23-493A-BE6C-7B0664FA53D8}.Debug|Any CPU.ActiveCfg = Debug|Any CPU
		{19BA7B57-9A23-493A-BE6C-7B0664FA53D8}.Debug|Any CPU.Build.0 = Debug|Any CPU
		{19BA7B57-9A23-493A-BE6C-7B0664FA53D8}.Release|Any CPU.ActiveCfg = Release|Any CPU
		{19BA7B57-9A23-493A-BE6C-7B0664FA53D8}.Release|Any CPU.Build.0 = Release|Any CPU
	EndGlobalSection
	GlobalSection(SolutionProperties) = preSolution
		HideSolutionNode = FALSE
	EndGlobalSection
	GlobalSection(ExtensibilityGlobals) = postSolution
		SolutionGuid = {A404BDC3-872E-4946-8814-86603AD419EC}
	EndGlobalSection
EndGlobal
