
Microsoft Visual Studio Solution File, Format Version 12.00
# Visual Studio Version 17
VisualStudioVersion = 17.0.31903.59
MinimumVisualStudioVersion = 10.0.40219.1
Project("{FAE04EC0-301F-11D3-BF4B-00C04F79EFBC}") = "Cloud5mins.ShortenerTools.Core", "Core\Cloud5mins.ShortenerTools.Core.csproj", "{99DF620C-9FF5-4233-B556-E5E9E143AB60}"
EndProject
Project("{FAE04EC0-301F-11D3-BF4B-00C04F79EFBC}") = "Cloud5mins.ShortenerTools.AppHost", "AppHost\Cloud5mins.ShortenerTools.AppHost.csproj", "{3DC7E590-FE84-4D0B-B989-9CD6B31B325A}"
EndProject
Project("{FAE04EC0-301F-11D3-BF4B-00C04F79EFBC}") = "Cloud5mins.ShortenerTools.ServiceDefaults", "ServiceDefaults\Cloud5mins.ShortenerTools.ServiceDefaults.csproj", "{6567F739-8BCC-4B4B-8CCC-EEEB9B28465F}"
EndProject
Project("{FAE04EC0-301F-11D3-BF4B-00C04F79EFBC}") = "Cloud5mins.ShortenerTools.Api", "Api\Cloud5mins.ShortenerTools.Api.csproj", "{85C6D9A8-EB37-4FA3-9E83-7178825C9EA5}"
EndProject
Project("{FAE04EC0-301F-11D3-BF4B-00C04F79EFBC}") = "Cloud5mins.ShortenerTools.TinyBlazorAdmin", "TinyBlazorAdmin\Cloud5mins.ShortenerTools.TinyBlazorAdmin.csproj", "{CA2B7AC6-BF6A-4075-9AF3-5831CD3F8797}"
EndProject
Project("{FAE04EC0-301F-11D3-BF4B-00C04F79EFBC}") = "Cloud5mins.ShortenerTools.MCPServer", "mcpserver\Cloud5mins.ShortenerTools.MCPServer.csproj", "{B517A3C1-EA71-452F-B106-4B49637F4B9B}"
EndProject
Project("{FAE04EC0-301F-11D3-BF4B-00C04F79EFBC}") = "Cloud5mins.ShortenerTools.FunctionsLight", "FunctionsLight\Cloud5mins.ShortenerTools.FunctionsLight.csproj", "{C9A40DE9-2A02-4220-BA35-3208FCBDB4AC}"
EndProject
Global
	GlobalSection(SolutionConfigurationPlatforms) = preSolution
		Debug|Any CPU = Debug|Any CPU
		Debug|x64 = Debug|x64
		Debug|x86 = Debug|x86
		Release|Any CPU = Release|Any CPU
		Release|x64 = Release|x64
		Release|x86 = Release|x86
	EndGlobalSection
	GlobalSection(ProjectConfigurationPlatforms) = postSolution
		{99DF620C-9FF5-4233-B556-E5E9E143AB60}.Debug|Any CPU.ActiveCfg = Debug|Any CPU
		{99DF620C-9FF5-4233-B556-E5E9E143AB60}.Debug|Any CPU.Build.0 = Debug|Any CPU
		{99DF620C-9FF5-4233-B556-E5E9E143AB60}.Debug|x64.ActiveCfg = Debug|Any CPU
		{99DF620C-9FF5-4233-B556-E5E9E143AB60}.Debug|x64.Build.0 = Debug|Any CPU
		{99DF620C-9FF5-4233-B556-E5E9E143AB60}.Debug|x86.ActiveCfg = Debug|Any CPU
		{99DF620C-9FF5-4233-B556-E5E9E143AB60}.Debug|x86.Build.0 = Debug|Any CPU
		{99DF620C-9FF5-4233-B556-E5E9E143AB60}.Release|Any CPU.ActiveCfg = Release|Any CPU
		{99DF620C-9FF5-4233-B556-E5E9E143AB60}.Release|Any CPU.Build.0 = Release|Any CPU
		{99DF620C-9FF5-4233-B556-E5E9E143AB60}.Release|x64.ActiveCfg = Release|Any CPU
		{99DF620C-9FF5-4233-B556-E5E9E143AB60}.Release|x64.Build.0 = Release|Any CPU
		{99DF620C-9FF5-4233-B556-E5E9E143AB60}.Release|x86.ActiveCfg = Release|Any CPU
		{99DF620C-9FF5-4233-B556-E5E9E143AB60}.Release|x86.Build.0 = Release|Any CPU
		{3DC7E590-FE84-4D0B-B989-9CD6B31B325A}.Debug|Any CPU.ActiveCfg = Debug|Any CPU
		{3DC7E590-FE84-4D0B-B989-9CD6B31B325A}.Debug|Any CPU.Build.0 = Debug|Any CPU
		{3DC7E590-FE84-4D0B-B989-9CD6B31B325A}.Debug|x64.ActiveCfg = Debug|Any CPU
		{3DC7E590-FE84-4D0B-B989-9CD6B31B325A}.Debug|x64.Build.0 = Debug|Any CPU
		{3DC7E590-FE84-4D0B-B989-9CD6B31B325A}.Debug|x86.ActiveCfg = Debug|Any CPU
		{3DC7E590-FE84-4D0B-B989-9CD6B31B325A}.Debug|x86.Build.0 = Debug|Any CPU
		{3DC7E590-FE84-4D0B-B989-9CD6B31B325A}.Release|Any CPU.ActiveCfg = Release|Any CPU
		{3DC7E590-FE84-4D0B-B989-9CD6B31B325A}.Release|Any CPU.Build.0 = Release|Any CPU
		{3DC7E590-FE84-4D0B-B989-9CD6B31B325A}.Release|x64.ActiveCfg = Release|Any CPU
		{3DC7E590-FE84-4D0B-B989-9CD6B31B325A}.Release|x64.Build.0 = Release|Any CPU
		{3DC7E590-FE84-4D0B-B989-9CD6B31B325A}.Release|x86.ActiveCfg = Release|Any CPU
		{3DC7E590-FE84-4D0B-B989-9CD6B31B325A}.Release|x86.Build.0 = Release|Any CPU
		{6567F739-8BCC-4B4B-8CCC-EEEB9B28465F}.Debug|Any CPU.ActiveCfg = Debug|Any CPU
		{6567F739-8BCC-4B4B-8CCC-EEEB9B28465F}.Debug|Any CPU.Build.0 = Debug|Any CPU
		{6567F739-8BCC-4B4B-8CCC-EEEB9B28465F}.Debug|x64.ActiveCfg = Debug|Any CPU
		{6567F739-8BCC-4B4B-8CCC-EEEB9B28465F}.Debug|x64.Build.0 = Debug|Any CPU
		{6567F739-8BCC-4B4B-8CCC-EEEB9B28465F}.Debug|x86.ActiveCfg = Debug|Any CPU
		{6567F739-8BCC-4B4B-8CCC-EEEB9B28465F}.Debug|x86.Build.0 = Debug|Any CPU
		{6567F739-8BCC-4B4B-8CCC-EEEB9B28465F}.Release|Any CPU.ActiveCfg = Release|Any CPU
		{6567F739-8BCC-4B4B-8CCC-EEEB9B28465F}.Release|Any CPU.Build.0 = Release|Any CPU
		{6567F739-8BCC-4B4B-8CCC-EEEB9B28465F}.Release|x64.ActiveCfg = Release|Any CPU
		{6567F739-8BCC-4B4B-8CCC-EEEB9B28465F}.Release|x64.Build.0 = Release|Any CPU
		{6567F739-8BCC-4B4B-8CCC-EEEB9B28465F}.Release|x86.ActiveCfg = Release|Any CPU
		{6567F739-8BCC-4B4B-8CCC-EEEB9B28465F}.Release|x86.Build.0 = Release|Any CPU
		{85C6D9A8-EB37-4FA3-9E83-7178825C9EA5}.Debug|Any CPU.ActiveCfg = Debug|Any CPU
		{85C6D9A8-EB37-4FA3-9E83-7178825C9EA5}.Debug|Any CPU.Build.0 = Debug|Any CPU
		{85C6D9A8-EB37-4FA3-9E83-7178825C9EA5}.Debug|x64.ActiveCfg = Debug|Any CPU
		{85C6D9A8-EB37-4FA3-9E83-7178825C9EA5}.Debug|x64.Build.0 = Debug|Any CPU
		{85C6D9A8-EB37-4FA3-9E83-7178825C9EA5}.Debug|x86.ActiveCfg = Debug|Any CPU
		{85C6D9A8-EB37-4FA3-9E83-7178825C9EA5}.Debug|x86.Build.0 = Debug|Any CPU
		{85C6D9A8-EB37-4FA3-9E83-7178825C9EA5}.Release|Any CPU.ActiveCfg = Release|Any CPU
		{85C6D9A8-EB37-4FA3-9E83-7178825C9EA5}.Release|Any CPU.Build.0 = Release|Any CPU
		{85C6D9A8-EB37-4FA3-9E83-7178825C9EA5}.Release|x64.ActiveCfg = Release|Any CPU
		{85C6D9A8-EB37-4FA3-9E83-7178825C9EA5}.Release|x64.Build.0 = Release|Any CPU
		{85C6D9A8-EB37-4FA3-9E83-7178825C9EA5}.Release|x86.ActiveCfg = Release|Any CPU
		{85C6D9A8-EB37-4FA3-9E83-7178825C9EA5}.Release|x86.Build.0 = Release|Any CPU
		{CA2B7AC6-BF6A-4075-9AF3-5831CD3F8797}.Debug|Any CPU.ActiveCfg = Debug|Any CPU
		{CA2B7AC6-BF6A-4075-9AF3-5831CD3F8797}.Debug|Any CPU.Build.0 = Debug|Any CPU
		{CA2B7AC6-BF6A-4075-9AF3-5831CD3F8797}.Debug|x64.ActiveCfg = Debug|Any CPU
		{CA2B7AC6-BF6A-4075-9AF3-5831CD3F8797}.Debug|x64.Build.0 = Debug|Any CPU
		{CA2B7AC6-BF6A-4075-9AF3-5831CD3F8797}.Debug|x86.ActiveCfg = Debug|Any CPU
		{CA2B7AC6-BF6A-4075-9AF3-5831CD3F8797}.Debug|x86.Build.0 = Debug|Any CPU
		{CA2B7AC6-BF6A-4075-9AF3-5831CD3F8797}.Release|Any CPU.ActiveCfg = Release|Any CPU
		{CA2B7AC6-BF6A-4075-9AF3-5831CD3F8797}.Release|Any CPU.Build.0 = Release|Any CPU
		{CA2B7AC6-BF6A-4075-9AF3-5831CD3F8797}.Release|x64.ActiveCfg = Release|Any CPU
		{CA2B7AC6-BF6A-4075-9AF3-5831CD3F8797}.Release|x64.Build.0 = Release|Any CPU
		{CA2B7AC6-BF6A-4075-9AF3-5831CD3F8797}.Release|x86.ActiveCfg = Release|Any CPU
		{CA2B7AC6-BF6A-4075-9AF3-5831CD3F8797}.Release|x86.Build.0 = Release|Any CPU
		{B517A3C1-EA71-452F-B106-4B49637F4B9B}.Debug|Any CPU.ActiveCfg = Debug|Any CPU
		{B517A3C1-EA71-452F-B106-4B49637F4B9B}.Debug|Any CPU.Build.0 = Debug|Any CPU
		{B517A3C1-EA71-452F-B106-4B49637F4B9B}.Debug|x64.ActiveCfg = Debug|Any CPU
		{B517A3C1-EA71-452F-B106-4B49637F4B9B}.Debug|x64.Build.0 = Debug|Any CPU
		{B517A3C1-EA71-452F-B106-4B49637F4B9B}.Debug|x86.ActiveCfg = Debug|Any CPU
		{B517A3C1-EA71-452F-B106-4B49637F4B9B}.Debug|x86.Build.0 = Debug|Any CPU
		{B517A3C1-EA71-452F-B106-4B49637F4B9B}.Release|Any CPU.ActiveCfg = Release|Any CPU
		{B517A3C1-EA71-452F-B106-4B49637F4B9B}.Release|Any CPU.Build.0 = Release|Any CPU
		{B517A3C1-EA71-452F-B106-4B49637F4B9B}.Release|x64.ActiveCfg = Release|Any CPU
		{B517A3C1-EA71-452F-B106-4B49637F4B9B}.Release|x64.Build.0 = Release|Any CPU
		{B517A3C1-EA71-452F-B106-4B49637F4B9B}.Release|x86.ActiveCfg = Release|Any CPU
		{B517A3C1-EA71-452F-B106-4B49637F4B9B}.Release|x86.Build.0 = Release|Any CPU
		{C9A40DE9-2A02-4220-BA35-3208FCBDB4AC}.Debug|Any CPU.ActiveCfg = Debug|Any CPU
		{C9A40DE9-2A02-4220-BA35-3208FCBDB4AC}.Debug|Any CPU.Build.0 = Debug|Any CPU
		{C9A40DE9-2A02-4220-BA35-3208FCBDB4AC}.Debug|x64.ActiveCfg = Debug|Any CPU
		{C9A40DE9-2A02-4220-BA35-3208FCBDB4AC}.Debug|x64.Build.0 = Debug|Any CPU
		{C9A40DE9-2A02-4220-BA35-3208FCBDB4AC}.Debug|x86.ActiveCfg = Debug|Any CPU
		{C9A40DE9-2A02-4220-BA35-3208FCBDB4AC}.Debug|x86.Build.0 = Debug|Any CPU
		{C9A40DE9-2A02-4220-BA35-3208FCBDB4AC}.Release|Any CPU.ActiveCfg = Release|Any CPU
		{C9A40DE9-2A02-4220-BA35-3208FCBDB4AC}.Release|Any CPU.Build.0 = Release|Any CPU
		{C9A40DE9-2A02-4220-BA35-3208FCBDB4AC}.Release|x64.ActiveCfg = Release|Any CPU
		{C9A40DE9-2A02-4220-BA35-3208FCBDB4AC}.Release|x64.Build.0 = Release|Any CPU
		{C9A40DE9-2A02-4220-BA35-3208FCBDB4AC}.Release|x86.ActiveCfg = Release|Any CPU
		{C9A40DE9-2A02-4220-BA35-3208FCBDB4AC}.Release|x86.Build.0 = Release|Any CPU
	EndGlobalSection
	GlobalSection(SolutionProperties) = preSolution
		HideSolutionNode = FALSE
	EndGlobalSection
EndGlobal
