
Microsoft Visual Studio Solution File, Format Version 12.00
# Visual Studio Version 17
VisualStudioVersion = 17.0.31903.59
MinimumVisualStudioVersion = 10.0.40219.1
Project("{FAE04EC0-301F-11D3-BF4B-00C04F79EFBC}") = "Cloud5mins.ShortenerTools.Core", "Cloud5mins.ShortenerTools.Core\Cloud5mins.ShortenerTools.Core.csproj", "{99DF620C-9FF5-4233-B556-E5E9E143AB60}"
EndProject
Project("{FAE04EC0-301F-11D3-BF4B-00C04F79EFBC}") = "Cloud5mins.ShortenerTools.FunctionsLight", "Cloud5mins.ShortenerTools.FunctionsLight\Cloud5mins.ShortenerTools.FunctionsLight.csproj", "{1C59956F-01A4-4F22-8B75-39CC48A8290C}"
EndProject
Global
	GlobalSection(SolutionConfigurationPlatforms) = preSolution
		Debug|Any CPU = Debug|Any CPU
		Release|Any CPU = Release|Any CPU
	EndGlobalSection
	GlobalSection(SolutionProperties) = preSolution
		HideSolutionNode = FALSE
	EndGlobalSection
	GlobalSection(ProjectConfigurationPlatforms) = postSolution
		{99DF620C-9FF5-4233-B556-E5E9E143AB60}.Debug|Any CPU.ActiveCfg = Debug|Any CPU
		{99DF620C-9FF5-4233-B556-E5E9E143AB60}.Debug|Any CPU.Build.0 = Debug|Any CPU
		{99DF620C-9FF5-4233-B556-E5E9E143AB60}.Release|Any CPU.ActiveCfg = Release|Any CPU
		{99DF620C-9FF5-4233-B556-E5E9E143AB60}.Release|Any CPU.Build.0 = Release|Any CPU
		{1C59956F-01A4-4F22-8B75-39CC48A8290C}.Debug|Any CPU.ActiveCfg = Debug|Any CPU
		{1C59956F-01A4-4F22-8B75-39CC48A8290C}.Debug|Any CPU.Build.0 = Debug|Any CPU
		{1C59956F-01A4-4F22-8B75-39CC48A8290C}.Release|Any CPU.ActiveCfg = Release|Any CPU
		{1C59956F-01A4-4F22-8B75-39CC48A8290C}.Release|Any CPU.Build.0 = Release|Any CPU
	EndGlobalSection
EndGlobal
