
Microsoft Visual Studio Solution File, Format Version 12.00
# Visual Studio Version 17
VisualStudioVersion = 17.5.002.0
MinimumVisualStudioVersion = 10.0.40219.1
Project("{9A19103F-16F7-4668-BE54-9A1E7A4F7556}") = "Cloud5mins.ShortenerTools.Core", "Cloud5mins.ShortenerTools.Core.csproj", "{139FABFE-571E-4B26-822C-781B1A3BA456}"
EndProject
Global
	GlobalSection(SolutionConfigurationPlatforms) = preSolution
		Debug|Any CPU = Debug|Any CPU
		Release|Any CPU = Release|Any CPU
	EndGlobalSection
	GlobalSection(ProjectConfigurationPlatforms) = postSolution
		{139FABFE-571E-4B26-822C-781B1A3BA456}.Debug|Any CPU.ActiveCfg = Debug|Any CPU
		{139FABFE-571E-4B26-822C-781B1A3BA456}.Debug|Any CPU.Build.0 = Debug|Any CPU
		{139FABFE-571E-4B26-822C-781B1A3BA456}.Release|Any CPU.ActiveCfg = Release|Any CPU
		{139FABFE-571E-4B26-822C-781B1A3BA456}.Release|Any CPU.Build.0 = Release|Any CPU
	EndGlobalSection
	GlobalSection(SolutionProperties) = preSolution
		HideSolutionNode = FALSE
	EndGlobalSection
	GlobalSection(ExtensibilityGlobals) = postSolution
		SolutionGuid = {4444C53C-16B1-4EE5-BB65-90A1CB088D3C}
	EndGlobalSection
EndGlobal
